// !$*UTF8*$!
{
 archiveVersion = 1;
 classes = {};
 objectVersion = 56;
 objects = {
 A1 = {isa = PBXProject; buildConfigurationList = A2; compatibilityVersion = "Xcode 14.0"; developmentRegion = en; mainGroup = A3; productRefGroup = A4; projectDirPath = ""; projectRoot = ""; targets = (A5,); };
 A2 = {isa = XCConfigurationList; buildConfigurations = (A6,A7); defaultConfigurationIsVisible = 0; defaultConfigurationName = Release;};
 A3 = {isa = PBXGroup; children = (B1,B2,B3,B4,A4); sourceTree = "<group>";};
 A4 = {isa = PBXGroup; children = (C1); name = Products; sourceTree = "<group>";};
 A5 = {isa = PBXNativeTarget; buildConfigurationList = A8; buildPhases = (D1,D2); buildRules = (); dependencies = (); name = YESPSAYT; productName = YESPSAYT; productReference = C1; productType = "com.apple.product-type.application";};
 A6 = {isa = XCBuildConfiguration; buildSettings = {}; name = Debug;};
 A7 = {isa = XCBuildConfiguration; buildSettings = {}; name = Release;};
 A8 = {isa = XCConfigurationList; buildConfigurations = (E1,E2); defaultConfigurationIsVisible = 0; defaultConfigurationName = Release;};
 B1 = {isa = PBXFileReference; lastKnownFileType = sourcecode.swift; path = YESPSAYT/YESPSAYTApp.swift; sourceTree = "<group>";};
 B2 = {isa = PBXFileReference; lastKnownFileType = sourcecode.swift; path = YESPSAYT/ContentView.swift; sourceTree = "<group>";};
 B3 = {isa = PBXFileReference; lastKnownFileType = sourcecode.swift; path = YESPSAYT/WebViewScreen.swift; sourceTree = "<group>";};
 B4 = {isa = PBXFileReference; lastKnownFileType = text.plist.xml; path = YESPSAYT/Info.plist; sourceTree = "<group>";};
 C1 = {isa = PBXFileReference; explicitFileType = wrapper.application; includeInIndex = 0; path = YESPSAYT.app; sourceTree = BUILT_PRODUCTS_DIR;};
 D1 = {isa = PBXSourcesBuildPhase; buildActionMask = 2147483647; files = (F1,F2,F3); runOnlyForDeploymentPostprocessing = 0;};
 D2 = {isa = PBXResourcesBuildPhase; buildActionMask = 2147483647; files = (); runOnlyForDeploymentPostprocessing = 0;};
 F1 = {isa = PBXBuildFile; fileRef = B1;}; F2 = {isa = PBXBuildFile; fileRef = B2;}; F3 = {isa = PBXBuildFile; fileRef = B3;};
 E1 = {isa = XCBuildConfiguration; buildSettings = {CODE_SIGN_STYLE = Automatic; CURRENT_PROJECT_VERSION = 1; GENERATE_INFOPLIST_FILE = NO; INFOPLIST_FILE = YESPSAYT/Info.plist; IPHONEOS_DEPLOYMENT_TARGET = 16.0; MARKETING_VERSION = 1.0; PRODUCT_BUNDLE_IDENTIFIER = com.yespsayt.ios; PRODUCT_NAME = "$(TARGET_NAME)"; SDKROOT = iphoneos; SWIFT_VERSION = 5.0; TARGETED_DEVICE_FAMILY = "1";}; name = Debug;};
 E2 = {isa = XCBuildConfiguration; buildSettings = {CODE_SIGN_STYLE = Automatic; CURRENT_PROJECT_VERSION = 1; GENERATE_INFOPLIST_FILE = NO; INFOPLIST_FILE = YESPSAYT/Info.plist; IPHONEOS_DEPLOYMENT_TARGET = 16.0; MARKETING_VERSION = 1.0; PRODUCT_BUNDLE_IDENTIFIER = com.yespsayt.ios; PRODUCT_NAME = "$(TARGET_NAME)"; SDKROOT = iphoneos; SWIFT_VERSION = 5.0; TARGETED_DEVICE_FAMILY = "1";}; name = Release;};
 };
 rootObject = A1;
}
